PODS:
  - Alamofire (4.4.0)
  - RxCocoa (3.5.0):
    - RxSwift (~> 3.4)
  - RxDataSources (1.0.3):
    - RxCocoa (~> 3.0)
    - RxSwift (~> 3.0)
  - RxSwift (3.5.0)
  - SwiftGen (4.2.1)
  - Unbox (2.4.0)

DEPENDENCIES:
  - Alamofire
  - RxCocoa
  - RxDataSources
  - RxSwift
  - SwiftGen
  - Unbox

SPEC CHECKSUMS:
  Alamofire: dc44b1600b800eb63da6a19039a0083d62a6a62d
  RxCocoa: a0a09f45d0e5b48ecb6a4a7b4b4c89c88d3f633f
  RxDataSources: a021a0e944ba5f7991259829d973afdbfa719c0b
  RxSwift: 18ee9d78b45edb3b0b7e79916b47a116e6dbc842
  SwiftGen: 2ba2a88fc6130b96e38e2baa0029e4bd222ffd85
  Unbox: c8b2ab69d3337597b4a3f47a0538807dc12db670

PODFILE CHECKSUM: 4f6d1e27a01a9ee87113d0aab1510a86103d28a9

COCOAPODS: 1.2.1
